
Microsoft Visual Studio Solution File, Format Version 12.00
# Visual Studio Version 16
VisualStudioVersion = 16.0.30804.86
MinimumVisualStudioVersion = 10.0.40219.1
Project("{8BC9CEB8-8B4A-11D0-8D11-00A0C91BC942}") = "Exercise-3-15", "Exercise-3-15\Exercise-3-15.vcxproj", "{CD174C32-5FDA-4F54-8D97-B080F1E177DB}"
EndProject
Global
	GlobalSection(SolutionConfigurationPlatforms) = preSolution
		Debug|x64 = Debug|x64
		Debug|x86 = Debug|x86
		Release|x64 = Release|x64
		Release|x86 = Release|x86
	EndGlobalSection
	GlobalSection(ProjectConfigurationPlatforms) = postSolution
		{CD174C32-5FDA-4F54-8D97-B080F1E177DB}.Debug|x64.ActiveCfg = Debug|x64
		{CD174C32-5FDA-4F54-8D97-B080F1E177DB}.Debug|x64.Build.0 = Debug|x64
		{CD174C32-5FDA-4F54-8D97-B080F1E177DB}.Debug|x86.ActiveCfg = Debug|Win32
		{CD174C32-5FDA-4F54-8D97-B080F1E177DB}.Debug|x86.Build.0 = Debug|Win32
		{CD174C32-5FDA-4F54-8D97-B080F1E177DB}.Release|x64.ActiveCfg = Release|x64
		{CD174C32-5FDA-4F54-8D97-B080F1E177DB}.Release|x64.Build.0 = Release|x64
		{CD174C32-5FDA-4F54-8D97-B080F1E177DB}.Release|x86.ActiveCfg = Release|Win32
		{CD174C32-5FDA-4F54-8D97-B080F1E177DB}.Release|x86.Build.0 = Release|Win32
	EndGlobalSection
	GlobalSection(SolutionProperties) = preSolution
		HideSolutionNode = FALSE
	EndGlobalSection
	GlobalSection(ExtensibilityGlobals) = postSolution
		SolutionGuid = {328FA08D-3982-4446-BC52-72B8F0FE102C}
	EndGlobalSection
EndGlobal
