
Microsoft Visual Studio Solution File, Format Version 12.00
# Visual Studio Version 16
VisualStudioVersion = 16.0.30804.86
MinimumVisualStudioVersion = 10.0.40219.1
Project("{8BC9CEB8-8B4A-11D0-8D11-00A0C91BC942}") = "Unique Product", "Unique Product\Unique Product.vcxproj", "{32913608-1457-42F8-8118-2108FC2711CA}"
EndProject
Global
	GlobalSection(SolutionConfigurationPlatforms) = preSolution
		Debug|x64 = Debug|x64
		Debug|x86 = Debug|x86
		Release|x64 = Release|x64
		Release|x86 = Release|x86
	EndGlobalSection
	GlobalSection(ProjectConfigurationPlatforms) = postSolution
		{32913608-1457-42F8-8118-2108FC2711CA}.Debug|x64.ActiveCfg = Debug|x64
		{32913608-1457-42F8-8118-2108FC2711CA}.Debug|x64.Build.0 = Debug|x64
		{32913608-1457-42F8-8118-2108FC2711CA}.Debug|x86.ActiveCfg = Debug|Win32
		{32913608-1457-42F8-8118-2108FC2711CA}.Debug|x86.Build.0 = Debug|Win32
		{32913608-1457-42F8-8118-2108FC2711CA}.Release|x64.ActiveCfg = Release|x64
		{32913608-1457-42F8-8118-2108FC2711CA}.Release|x64.Build.0 = Release|x64
		{32913608-1457-42F8-8118-2108FC2711CA}.Release|x86.ActiveCfg = Release|Win32
		{32913608-1457-42F8-8118-2108FC2711CA}.Release|x86.Build.0 = Release|Win32
	EndGlobalSection
	GlobalSection(SolutionProperties) = preSolution
		HideSolutionNode = FALSE
	EndGlobalSection
	GlobalSection(ExtensibilityGlobals) = postSolution
		SolutionGuid = {4A56AB48-25D9-4E43-A5B5-0CF56F466610}
	EndGlobalSection
EndGlobal
